// !$*UTF8*$!
{
	archiveVersion = 1;
	classes = {
	};
	objectVersion = 50;
	objects = {

/* Begin PBXBuildFile section */
		7913BE1F25884C2000CA0FE1 /* LandmarksApp.swift in Sources */ = {isa = PBXBuildFile; fileRef = 7913BE1E25884C2000CA0FE1 /* LandmarksApp.swift */; };
		7913BE2125884C2000CA0FE1 /* ContentView.swift in Sources */ = {isa = PBXBuildFile; fileRef = 7913BE2025884C2000CA0FE1 /* ContentView.swift */; };
		7913BE2325884C2000CA0FE1 /* Assets.xcassets in Resources */ = {isa = PBXBuildFile; fileRef = 7913BE2225884C2000CA0FE1 /* Assets.xcassets */; };
		7913BE2625884C2000CA0FE1 /* Preview Assets.xcassets in Resources */ = {isa = PBXBuildFile; fileRef = 7913BE2525884C2000CA0FE1 /* Preview Assets.xcassets */; };
		7913BE2F25884EE400CA0FE1 /* CircleImage.swift in Sources */ = {isa = PBXBuildFile; fileRef = 7913BE2E25884EE400CA0FE1 /* CircleImage.swift */; };
		7913BE3225884F2600CA0FE1 /* MapView.swift in Sources */ = {isa = PBXBuildFile; fileRef = 7913BE3125884F2600CA0FE1 /* MapView.swift */; };
		7967620B25887F1900530C0B /* landmarkData.json in Resources */ = {isa = PBXBuildFile; fileRef = 7967620A25887F1900530C0B /* landmarkData.json */; };
		7967620E25887F4500530C0B /* ModelData.swift in Sources */ = {isa = PBXBuildFile; fileRef = 7967620D25887F4500530C0B /* ModelData.swift */; };
		7967621125887F6400530C0B /* Landmark.swift in Sources */ = {isa = PBXBuildFile; fileRef = 7967621025887F6400530C0B /* Landmark.swift */; };
		7967621425887F8800530C0B /* LandmarkRow.swift in Sources */ = {isa = PBXBuildFile; fileRef = 7967621325887F8800530C0B /* LandmarkRow.swift */; };
		796762172588809B00530C0B /* LandmarkList.swift in Sources */ = {isa = PBXBuildFile; fileRef = 796762162588809B00530C0B /* LandmarkList.swift */; };
		7967621A2588816100530C0B /* LandmarkDetail.swift in Sources */ = {isa = PBXBuildFile; fileRef = 796762192588816100530C0B /* LandmarkDetail.swift */; };
		7967621D2588A5C200530C0B /* FavoriteButton.swift in Sources */ = {isa = PBXBuildFile; fileRef = 7967621C2588A5C200530C0B /* FavoriteButton.swift */; };
		796762232588ACF900530C0B /* HexagonParameters.swift in Sources */ = {isa = PBXBuildFile; fileRef = 796762222588ACF900530C0B /* HexagonParameters.swift */; };
		796762262588B30D00530C0B /* BadgeBackground.swift in Sources */ = {isa = PBXBuildFile; fileRef = 796762252588B30D00530C0B /* BadgeBackground.swift */; };
		796762292588B67800530C0B /* BadgeSymbol.swift in Sources */ = {isa = PBXBuildFile; fileRef = 796762282588B67800530C0B /* BadgeSymbol.swift */; };
		7967622C2588B6C100530C0B /* RotatedBadgeSymbol.swift in Sources */ = {isa = PBXBuildFile; fileRef = 7967622B2588B6C000530C0B /* RotatedBadgeSymbol.swift */; };
		7967622F2588BBA400530C0B /* Badge.swift in Sources */ = {isa = PBXBuildFile; fileRef = 7967622E2588BBA400530C0B /* Badge.swift */; };
		796762332588C1A500530C0B /* hikeData.json in Resources */ = {isa = PBXBuildFile; fileRef = 796762322588C1A500530C0B /* hikeData.json */; };
		796762362588C1BF00530C0B /* Hike.swift in Sources */ = {isa = PBXBuildFile; fileRef = 796762352588C1BF00530C0B /* Hike.swift */; };
		7967623D2588C1EB00530C0B /* GraphCapsule.swift in Sources */ = {isa = PBXBuildFile; fileRef = 796762392588C1EB00530C0B /* GraphCapsule.swift */; };
		7967623E2588C1EB00530C0B /* HikeGraph.swift in Sources */ = {isa = PBXBuildFile; fileRef = 7967623A2588C1EB00530C0B /* HikeGraph.swift */; };
		7967623F2588C1EB00530C0B /* HikeDetail.swift in Sources */ = {isa = PBXBuildFile; fileRef = 7967623B2588C1EB00530C0B /* HikeDetail.swift */; };
		796762402588C1EB00530C0B /* HikeView.swift in Sources */ = {isa = PBXBuildFile; fileRef = 7967623C2588C1EB00530C0B /* HikeView.swift */; };
		796762442588C72D00530C0B /* CategoryHome.swift in Sources */ = {isa = PBXBuildFile; fileRef = 796762432588C72D00530C0B /* CategoryHome.swift */; };
		796762482588C7B700530C0B /* CategoryRow.swift in Sources */ = {isa = PBXBuildFile; fileRef = 796762472588C7B700530C0B /* CategoryRow.swift */; };
		7967624B2588C8AA00530C0B /* CategoryItem.swift in Sources */ = {isa = PBXBuildFile; fileRef = 7967624A2588C8AA00530C0B /* CategoryItem.swift */; };
		796762522588D49900530C0B /* Profile.swift in Sources */ = {isa = PBXBuildFile; fileRef = 796762512588D49900530C0B /* Profile.swift */; };
		796762562588D4BF00530C0B /* ProfileHost.swift in Sources */ = {isa = PBXBuildFile; fileRef = 796762552588D4BF00530C0B /* ProfileHost.swift */; };
		7967625A2588D4DF00530C0B /* ProfileSummary.swift in Sources */ = {isa = PBXBuildFile; fileRef = 796762592588D4DF00530C0B /* ProfileSummary.swift */; };
		7967625D2588D59D00530C0B /* HikeBadge.swift in Sources */ = {isa = PBXBuildFile; fileRef = 7967625C2588D59D00530C0B /* HikeBadge.swift */; };
		796762602588D82F00530C0B /* ProfileEditor.swift in Sources */ = {isa = PBXBuildFile; fileRef = 7967625F2588D82F00530C0B /* ProfileEditor.swift */; };
		7967626425899C3800530C0B /* PageViewController.swift in Sources */ = {isa = PBXBuildFile; fileRef = 7967626325899C3800530C0B /* PageViewController.swift */; };
		7967626825899D1700530C0B /* FeaturedCard.swift in Sources */ = {isa = PBXBuildFile; fileRef = 7967626725899D1600530C0B /* FeaturedCard.swift */; };
		7967626B25899DA800530C0B /* PageView.swift in Sources */ = {isa = PBXBuildFile; fileRef = 7967626A25899DA800530C0B /* PageView.swift */; };
		7967626E2589B56500530C0B /* PageControl.swift in Sources */ = {isa = PBXBuildFile; fileRef = 7967626D2589B56500530C0B /* PageControl.swift */; };
		796762752589B76600530C0B /* Assets.xcassets in Resources */ = {isa = PBXBuildFile; fileRef = 796762742589B76600530C0B /* Assets.xcassets */; };
		7967627C2589B76600530C0B /* WatchLandmarks Extension.appex in Embed App Extensions */ = {isa = PBXBuildFile; fileRef = 7967627B2589B76600530C0B /* WatchLandmarks Extension.appex */; settings = {ATTRIBUTES = (RemoveHeadersOnCopy, ); }; };
		796762832589B76600530C0B /* ContentView.swift in Sources */ = {isa = PBXBuildFile; fileRef = 796762822589B76600530C0B /* ContentView.swift */; };
		796762852589B76600530C0B /* NotificationController.swift in Sources */ = {isa = PBXBuildFile; fileRef = 796762842589B76600530C0B /* NotificationController.swift */; };
		796762872589B76600530C0B /* NotificationView.swift in Sources */ = {isa = PBXBuildFile; fileRef = 796762862589B76600530C0B /* NotificationView.swift */; };
		796762892589B76600530C0B /* ComplicationController.swift in Sources */ = {isa = PBXBuildFile; fileRef = 796762882589B76600530C0B /* ComplicationController.swift */; };
		7967628B2589B76700530C0B /* Assets.xcassets in Resources */ = {isa = PBXBuildFile; fileRef = 7967628A2589B76700530C0B /* Assets.xcassets */; };
		7967628E2589B76700530C0B /* Preview Assets.xcassets in Resources */ = {isa = PBXBuildFile; fileRef = 7967628D2589B76700530C0B /* Preview Assets.xcassets */; };
		796762932589B76700530C0B /* WatchLandmarks.app in Embed Watch Content */ = {isa = PBXBuildFile; fileRef = 796762722589B76500530C0B /* WatchLandmarks.app */; settings = {ATTRIBUTES = (RemoveHeadersOnCopy, ); }; };
		796762A52589B96600530C0B /* LandmarkList.swift in Sources */ = {isa = PBXBuildFile; fileRef = 796762162588809B00530C0B /* LandmarkList.swift */; };
		796762A62589B96600530C0B /* MapView.swift in Sources */ = {isa = PBXBuildFile; fileRef = 7913BE3125884F2600CA0FE1 /* MapView.swift */; };
		796762A72589B96600530C0B /* Profile.swift in Sources */ = {isa = PBXBuildFile; fileRef = 796762512588D49900530C0B /* Profile.swift */; };
		796762A82589B96600530C0B /* CircleImage.swift in Sources */ = {isa = PBXBuildFile; fileRef = 7913BE2E25884EE400CA0FE1 /* CircleImage.swift */; };
		796762A92589B96600530C0B /* hikeData.json in Resources */ = {isa = PBXBuildFile; fileRef = 796762322588C1A500530C0B /* hikeData.json */; };
		796762AA2589B96600530C0B /* landmarkData.json in Resources */ = {isa = PBXBuildFile; fileRef = 7967620A25887F1900530C0B /* landmarkData.json */; };
		796762AB2589B96600530C0B /* ModelData.swift in Sources */ = {isa = PBXBuildFile; fileRef = 7967620D25887F4500530C0B /* ModelData.swift */; };
		796762AC2589B96600530C0B /* LandmarksApp.swift in Sources */ = {isa = PBXBuildFile; fileRef = 7913BE1E25884C2000CA0FE1 /* LandmarksApp.swift */; };
		796762AD2589B96600530C0B /* Landmark.swift in Sources */ = {isa = PBXBuildFile; fileRef = 7967621025887F6400530C0B /* Landmark.swift */; };
		796762AE2589B96600530C0B /* LandmarkRow.swift in Sources */ = {isa = PBXBuildFile; fileRef = 7967621325887F8800530C0B /* LandmarkRow.swift */; };
		796762AF2589B96600530C0B /* Hike.swift in Sources */ = {isa = PBXBuildFile; fileRef = 796762352588C1BF00530C0B /* Hike.swift */; };
		796762B02589B96600530C0B /* Assets.xcassets in Resources */ = {isa = PBXBuildFile; fileRef = 7913BE2225884C2000CA0FE1 /* Assets.xcassets */; };
		796762C52589BA9A00530C0B /* LandmarkDetail.swift in Sources */ = {isa = PBXBuildFile; fileRef = 796762C42589BA9A00530C0B /* LandmarkDetail.swift */; };
/* End PBXBuildFile section */

/* Begin PBXContainerItemProxy section */
		7967627D2589B76600530C0B /* PBXContainerItemProxy */ = {
			isa = PBXContainerItemProxy;
			containerPortal = 7913BE1325884C2000CA0FE1 /* Project object */;
			proxyType = 1;
			remoteGlobalIDString = 7967627A2589B76600530C0B;
			remoteInfo = "WatchLandmarks Extension";
		};
		796762912589B76700530C0B /* PBXContainerItemProxy */ = {
			isa = PBXContainerItemProxy;
			containerPortal = 7913BE1325884C2000CA0FE1 /* Project object */;
			proxyType = 1;
			remoteGlobalIDString = 796762712589B76500530C0B;
			remoteInfo = WatchLandmarks;
		};
/* End PBXContainerItemProxy section */

/* Begin PBXCopyFilesBuildPhase section */
		796762972589B76700530C0B /* Embed App Extensions */ = {
			isa = PBXCopyFilesBuildPhase;
			buildActionMask = 2147483647;
			dstPath = "";
			dstSubfolderSpec = 13;
			files = (
				7967627C2589B76600530C0B /* WatchLandmarks Extension.appex in Embed App Extensions */,
			);
			name = "Embed App Extensions";
			runOnlyForDeploymentPostprocessing = 0;
		};
		7967629B2589B76700530C0B /* Embed Watch Content */ = {
			isa = PBXCopyFilesBuildPhase;
			buildActionMask = 2147483647;
			dstPath = "$(CONTENTS_FOLDER_PATH)/Watch";
			dstSubfolderSpec = 16;
			files = (
				796762932589B76700530C0B /* WatchLandmarks.app in Embed Watch Content */,
			);
			name = "Embed Watch Content";
			runOnlyForDeploymentPostprocessing = 0;
		};
/* End PBXCopyFilesBuildPhase section */

/* Begin PBXFileReference section */
		7913BE1B25884C2000CA0FE1 /* Landmarks.app */ = {isa = PBXFileReference; explicitFileType = wrapper.application; includeInIndex = 0; path = Landmarks.app; sourceTree = BUILT_PRODUCTS_DIR; };
		7913BE1E25884C2000CA0FE1 /* LandmarksApp.swift */ = {isa = PBXFileReference; lastKnownFileType = sourcecode.swift; path = LandmarksApp.swift; sourceTree = "<group>"; };
		7913BE2025884C2000CA0FE1 /* ContentView.swift */ = {isa = PBXFileReference; lastKnownFileType = sourcecode.swift; path = ContentView.swift; sourceTree = "<group>"; };
		7913BE2225884C2000CA0FE1 /* Assets.xcassets */ = {isa = PBXFileReference; lastKnownFileType = folder.assetcatalog; path = Assets.xcassets; sourceTree = "<group>"; };
		7913BE2525884C2000CA0FE1 /* Preview Assets.xcassets */ = {isa = PBXFileReference; lastKnownFileType = folder.assetcatalog; path = "Preview Assets.xcassets"; sourceTree = "<group>"; };
		7913BE2725884C2000CA0FE1 /* Info.plist */ = {isa = PBXFileReference; lastKnownFileType = text.plist.xml; path = Info.plist; sourceTree = "<group>"; };
		7913BE2E25884EE400CA0FE1 /* CircleImage.swift */ = {isa = PBXFileReference; lastKnownFileType = sourcecode.swift; path = CircleImage.swift; sourceTree = "<group>"; };
		7913BE3125884F2600CA0FE1 /* MapView.swift */ = {isa = PBXFileReference; lastKnownFileType = sourcecode.swift; path = MapView.swift; sourceTree = "<group>"; };
		7967620A25887F1900530C0B /* landmarkData.json */ = {isa = PBXFileReference; fileEncoding = 4; lastKnownFileType = text.json; path = landmarkData.json; sourceTree = "<group>"; };
		7967620D25887F4500530C0B /* ModelData.swift */ = {isa = PBXFileReference; lastKnownFileType = sourcecode.swift; path = ModelData.swift; sourceTree = "<group>"; };
		7967621025887F6400530C0B /* Landmark.swift */ = {isa = PBXFileReference; lastKnownFileType = sourcecode.swift; path = Landmark.swift; sourceTree = "<group>"; };
		7967621325887F8800530C0B /* LandmarkRow.swift */ = {isa = PBXFileReference; lastKnownFileType = sourcecode.swift; path = LandmarkRow.swift; sourceTree = "<group>"; };
		796762162588809B00530C0B /* LandmarkList.swift */ = {isa = PBXFileReference; lastKnownFileType = sourcecode.swift; path = LandmarkList.swift; sourceTree = "<group>"; };
		796762192588816100530C0B /* LandmarkDetail.swift */ = {isa = PBXFileReference; lastKnownFileType = sourcecode.swift; path = LandmarkDetail.swift; sourceTree = "<group>"; };
		7967621C2588A5C200530C0B /* FavoriteButton.swift */ = {isa = PBXFileReference; lastKnownFileType = sourcecode.swift; path = FavoriteButton.swift; sourceTree = "<group>"; };
		796762222588ACF900530C0B /* HexagonParameters.swift */ = {isa = PBXFileReference; lastKnownFileType = sourcecode.swift; path = HexagonParameters.swift; sourceTree = "<group>"; };
		796762252588B30D00530C0B /* BadgeBackground.swift */ = {isa = PBXFileReference; lastKnownFileType = sourcecode.swift; path = BadgeBackground.swift; sourceTree = "<group>"; };
		796762282588B67800530C0B /* BadgeSymbol.swift */ = {isa = PBXFileReference; lastKnownFileType = sourcecode.swift; path = BadgeSymbol.swift; sourceTree = "<group>"; };
		7967622B2588B6C000530C0B /* RotatedBadgeSymbol.swift */ = {isa = PBXFileReference; lastKnownFileType = sourcecode.swift; path = RotatedBadgeSymbol.swift; sourceTree = "<group>"; };
		7967622E2588BBA400530C0B /* Badge.swift */ = {isa = PBXFileReference; lastKnownFileType = sourcecode.swift; path = Badge.swift; sourceTree = "<group>"; };
		796762322588C1A500530C0B /* hikeData.json */ = {isa = PBXFileReference; fileEncoding = 4; lastKnownFileType = text.json; path = hikeData.json; sourceTree = "<group>"; };
		796762352588C1BF00530C0B /* Hike.swift */ = {isa = PBXFileReference; lastKnownFileType = sourcecode.swift; path = Hike.swift; sourceTree = "<group>"; };
		796762392588C1EB00530C0B /* GraphCapsule.swift */ = {isa = PBXFileReference; fileEncoding = 4; lastKnownFileType = sourcecode.swift; path = GraphCapsule.swift; sourceTree = "<group>"; };
		7967623A2588C1EB00530C0B /* HikeGraph.swift */ = {isa = PBXFileReference; fileEncoding = 4; lastKnownFileType = sourcecode.swift; path = HikeGraph.swift; sourceTree = "<group>"; };
		7967623B2588C1EB00530C0B /* HikeDetail.swift */ = {isa = PBXFileReference; fileEncoding = 4; lastKnownFileType = sourcecode.swift; path = HikeDetail.swift; sourceTree = "<group>"; };
		7967623C2588C1EB00530C0B /* HikeView.swift */ = {isa = PBXFileReference; fileEncoding = 4; lastKnownFileType = sourcecode.swift; path = HikeView.swift; sourceTree = "<group>"; };
		796762432588C72D00530C0B /* CategoryHome.swift */ = {isa = PBXFileReference; lastKnownFileType = sourcecode.swift; path = CategoryHome.swift; sourceTree = "<group>"; };
		796762472588C7B700530C0B /* CategoryRow.swift */ = {isa = PBXFileReference; lastKnownFileType = sourcecode.swift; path = CategoryRow.swift; sourceTree = "<group>"; };
		7967624A2588C8AA00530C0B /* CategoryItem.swift */ = {isa = PBXFileReference; lastKnownFileType = sourcecode.swift; path = CategoryItem.swift; sourceTree = "<group>"; };
		796762512588D49900530C0B /* Profile.swift */ = {isa = PBXFileReference; lastKnownFileType = sourcecode.swift; path = Profile.swift; sourceTree = "<group>"; };
		796762552588D4BF00530C0B /* ProfileHost.swift */ = {isa = PBXFileReference; lastKnownFileType = sourcecode.swift; path = ProfileHost.swift; sourceTree = "<group>"; };
		796762592588D4DF00530C0B /* ProfileSummary.swift */ = {isa = PBXFileReference; lastKnownFileType = sourcecode.swift; path = ProfileSummary.swift; sourceTree = "<group>"; };
		7967625C2588D59D00530C0B /* HikeBadge.swift */ = {isa = PBXFileReference; lastKnownFileType = sourcecode.swift; path = HikeBadge.swift; sourceTree = "<group>"; };
		7967625F2588D82F00530C0B /* ProfileEditor.swift */ = {isa = PBXFileReference; lastKnownFileType = sourcecode.swift; path = ProfileEditor.swift; sourceTree = "<group>"; };
		7967626325899C3800530C0B /* PageViewController.swift */ = {isa = PBXFileReference; lastKnownFileType = sourcecode.swift; path = PageViewController.swift; sourceTree = "<group>"; };
		7967626725899D1600530C0B /* FeaturedCard.swift */ = {isa = PBXFileReference; lastKnownFileType = sourcecode.swift; path = FeaturedCard.swift; sourceTree = "<group>"; };
		7967626A25899DA800530C0B /* PageView.swift */ = {isa = PBXFileReference; lastKnownFileType = sourcecode.swift; path = PageView.swift; sourceTree = "<group>"; };
		7967626D2589B56500530C0B /* PageControl.swift */ = {isa = PBXFileReference; lastKnownFileType = sourcecode.swift; path = PageControl.swift; sourceTree = "<group>"; };
		796762722589B76500530C0B /* WatchLandmarks.app */ = {isa = PBXFileReference; explicitFileType = wrapper.application; includeInIndex = 0; path = WatchLandmarks.app; sourceTree = BUILT_PRODUCTS_DIR; };
		796762742589B76600530C0B /* Assets.xcassets */ = {isa = PBXFileReference; lastKnownFileType = folder.assetcatalog; path = Assets.xcassets; sourceTree = "<group>"; };
		796762762589B76600530C0B /* Info.plist */ = {isa = PBXFileReference; lastKnownFileType = text.plist.xml; path = Info.plist; sourceTree = "<group>"; };
		7967627B2589B76600530C0B /* WatchLandmarks Extension.appex */ = {isa = PBXFileReference; explicitFileType = "wrapper.app-extension"; includeInIndex = 0; path = "WatchLandmarks Extension.appex"; sourceTree = BUILT_PRODUCTS_DIR; };
		796762822589B76600530C0B /* ContentView.swift */ = {isa = PBXFileReference; lastKnownFileType = sourcecode.swift; path = ContentView.swift; sourceTree = "<group>"; };
		796762842589B76600530C0B /* NotificationController.swift */ = {isa = PBXFileReference; lastKnownFileType = sourcecode.swift; path = NotificationController.swift; sourceTree = "<group>"; };
		796762862589B76600530C0B /* NotificationView.swift */ = {isa = PBXFileReference; lastKnownFileType = sourcecode.swift; path = NotificationView.swift; sourceTree = "<group>"; };
		796762882589B76600530C0B /* ComplicationController.swift */ = {isa = PBXFileReference; lastKnownFileType = sourcecode.swift; path = ComplicationController.swift; sourceTree = "<group>"; };
		7967628A2589B76700530C0B /* Assets.xcassets */ = {isa = PBXFileReference; lastKnownFileType = folder.assetcatalog; path = Assets.xcassets; sourceTree = "<group>"; };
		7967628D2589B76700530C0B /* Preview Assets.xcassets */ = {isa = PBXFileReference; lastKnownFileType = folder.assetcatalog; path = "Preview Assets.xcassets"; sourceTree = "<group>"; };
		7967628F2589B76700530C0B /* Info.plist */ = {isa = PBXFileReference; lastKnownFileType = text.plist.xml; path = Info.plist; sourceTree = "<group>"; };
		796762902589B76700530C0B /* PushNotificationPayload.apns */ = {isa = PBXFileReference; lastKnownFileType = text; path = PushNotificationPayload.apns; sourceTree = "<group>"; };
		796762C42589BA9A00530C0B /* LandmarkDetail.swift */ = {isa = PBXFileReference; lastKnownFileType = sourcecode.swift; path = LandmarkDetail.swift; sourceTree = "<group>"; };
/* End PBXFileReference section */

/* Begin PBXFrameworksBuildPhase section */
		7913BE1825884C2000CA0FE1 /* Frameworks */ = {
			isa = PBXFrameworksBuildPhase;
			buildActionMask = 2147483647;
			files = (
			);
			runOnlyForDeploymentPostprocessing = 0;
		};
		796762782589B76600530C0B /* Frameworks */ = {
			isa = PBXFrameworksBuildPhase;
			buildActionMask = 2147483647;
			files = (
			);
			runOnlyForDeploymentPostprocessing = 0;
		};
/* End PBXFrameworksBuildPhase section */

/* Begin PBXGroup section */
		7913BE1225884C2000CA0FE1 = {
			isa = PBXGroup;
			children = (
				7913BE1D25884C2000CA0FE1 /* Landmarks */,
				796762732589B76500530C0B /* WatchLandmarks */,
				7967627F2589B76600530C0B /* WatchLandmarks Extension */,
				7913BE1C25884C2000CA0FE1 /* Products */,
			);
			sourceTree = "<group>";
		};
		7913BE1C25884C2000CA0FE1 /* Products */ = {
			isa = PBXGroup;
			children = (
				7913BE1B25884C2000CA0FE1 /* Landmarks.app */,
				796762722589B76500530C0B /* WatchLandmarks.app */,
				7967627B2589B76600530C0B /* WatchLandmarks Extension.appex */,
			);
			name = Products;
			sourceTree = "<group>";
		};
		7913BE1D25884C2000CA0FE1 /* Landmarks */ = {
			isa = PBXGroup;
			children = (
				7967620925887F0D00530C0B /* Resources */,
				7967620825887EE500530C0B /* Model */,
				7913BE1E25884C2000CA0FE1 /* LandmarksApp.swift */,
				7967620725887ECA00530C0B /* Views */,
				7913BE2225884C2000CA0FE1 /* Assets.xcassets */,
				7913BE2725884C2000CA0FE1 /* Info.plist */,
				7913BE2425884C2000CA0FE1 /* Preview Content */,
			);
			path = Landmarks;
			sourceTree = "<group>";
		};
		7913BE2425884C2000CA0FE1 /* Preview Content */ = {
			isa = PBXGroup;
			children = (
				7913BE2525884C2000CA0FE1 /* Preview Assets.xcassets */,
			);
			path = "Preview Content";
			sourceTree = "<group>";
		};
		7967620725887ECA00530C0B /* Views */ = {
			isa = PBXGroup;
			children = (
				7967626225899C2D00530C0B /* PageView */,
				796762542588D4B700530C0B /* Profiles */,
				796762422588C72000530C0B /* Categories */,
				796762382588C1EB00530C0B /* Hikes */,
				796762312588BC7700530C0B /* Badges */,
				796762202588A65B00530C0B /* Helpers */,
				7967621F2588A64000530C0B /* Landmarks */,
				7913BE2025884C2000CA0FE1 /* ContentView.swift */,
			);
			path = Views;
			sourceTree = "<group>";
		};
		7967620825887EE500530C0B /* Model */ = {
			isa = PBXGroup;
			children = (
				7967620D25887F4500530C0B /* ModelData.swift */,
				7967621025887F6400530C0B /* Landmark.swift */,
				796762352588C1BF00530C0B /* Hike.swift */,
				796762512588D49900530C0B /* Profile.swift */,
			);
			path = Model;
			sourceTree = "<group>";
		};
		7967620925887F0D00530C0B /* Resources */ = {
			isa = PBXGroup;
			children = (
				796762322588C1A500530C0B /* hikeData.json */,
				7967620A25887F1900530C0B /* landmarkData.json */,
			);
			path = Resources;
			sourceTree = "<group>";
		};
		7967621F2588A64000530C0B /* Landmarks */ = {
			isa = PBXGroup;
			children = (
				7967621325887F8800530C0B /* LandmarkRow.swift */,
				796762162588809B00530C0B /* LandmarkList.swift */,
				796762192588816100530C0B /* LandmarkDetail.swift */,
			);
			path = Landmarks;
			sourceTree = "<group>";
		};
		796762202588A65B00530C0B /* Helpers */ = {
			isa = PBXGroup;
			children = (
				7913BE3125884F2600CA0FE1 /* MapView.swift */,
				7913BE2E25884EE400CA0FE1 /* CircleImage.swift */,
				7967621C2588A5C200530C0B /* FavoriteButton.swift */,
			);
			path = Helpers;
			sourceTree = "<group>";
		};
		796762312588BC7700530C0B /* Badges */ = {
			isa = PBXGroup;
			children = (
				796762222588ACF900530C0B /* HexagonParameters.swift */,
				796762252588B30D00530C0B /* BadgeBackground.swift */,
				796762282588B67800530C0B /* BadgeSymbol.swift */,
				7967622B2588B6C000530C0B /* RotatedBadgeSymbol.swift */,
				7967622E2588BBA400530C0B /* Badge.swift */,
			);
			path = Badges;
			sourceTree = "<group>";
		};
		796762382588C1EB00530C0B /* Hikes */ = {
			isa = PBXGroup;
			children = (
				796762392588C1EB00530C0B /* GraphCapsule.swift */,
				7967623A2588C1EB00530C0B /* HikeGraph.swift */,
				7967623B2588C1EB00530C0B /* HikeDetail.swift */,
				7967623C2588C1EB00530C0B /* HikeView.swift */,
				7967625C2588D59D00530C0B /* HikeBadge.swift */,
			);
			path = Hikes;
			sourceTree = "<group>";
		};
		796762422588C72000530C0B /* Categories */ = {
			isa = PBXGroup;
			children = (
				796762432588C72D00530C0B /* CategoryHome.swift */,
				796762472588C7B700530C0B /* CategoryRow.swift */,
				7967624A2588C8AA00530C0B /* CategoryItem.swift */,
			);
			path = Categories;
			sourceTree = "<group>";
		};
		796762542588D4B700530C0B /* Profiles */ = {
			isa = PBXGroup;
			children = (
				796762552588D4BF00530C0B /* ProfileHost.swift */,
				796762592588D4DF00530C0B /* ProfileSummary.swift */,
				7967625F2588D82F00530C0B /* ProfileEditor.swift */,
			);
			path = Profiles;
			sourceTree = "<group>";
		};
		7967626225899C2D00530C0B /* PageView */ = {
			isa = PBXGroup;
			children = (
				7967626325899C3800530C0B /* PageViewController.swift */,
				7967626725899D1600530C0B /* FeaturedCard.swift */,
				7967626A25899DA800530C0B /* PageView.swift */,
				7967626D2589B56500530C0B /* PageControl.swift */,
			);
			path = PageView;
			sourceTree = "<group>";
		};
		796762732589B76500530C0B /* WatchLandmarks */ = {
			isa = PBXGroup;
			children = (
				796762742589B76600530C0B /* Assets.xcassets */,
				796762762589B76600530C0B /* Info.plist */,
			);
			path = WatchLandmarks;
			sourceTree = "<group>";
		};
		7967627F2589B76600530C0B /* WatchLandmarks Extension */ = {
			isa = PBXGroup;
			children = (
				796762822589B76600530C0B /* ContentView.swift */,
				796762842589B76600530C0B /* NotificationController.swift */,
				796762862589B76600530C0B /* NotificationView.swift */,
				796762882589B76600530C0B /* ComplicationController.swift */,
				7967628A2589B76700530C0B /* Assets.xcassets */,
				7967628F2589B76700530C0B /* Info.plist */,
				796762902589B76700530C0B /* PushNotificationPayload.apns */,
				7967628C2589B76700530C0B /* Preview Content */,
				796762C42589BA9A00530C0B /* LandmarkDetail.swift */,
			);
			path = "WatchLandmarks Extension";
			sourceTree = "<group>";
		};
		7967628C2589B76700530C0B /* Preview Content */ = {
			isa = PBXGroup;
			children = (
				7967628D2589B76700530C0B /* Preview Assets.xcassets */,
			);
			path = "Preview Content";
			sourceTree = "<group>";
		};
/* End PBXGroup section */

/* Begin PBXNativeTarget section */
		7913BE1A25884C2000CA0FE1 /* Landmarks */ = {
			isa = PBXNativeTarget;
			buildConfigurationList = 7913BE2A25884C2000CA0FE1 /* Build configuration list for PBXNativeTarget "Landmarks" */;
			buildPhases = (
				7913BE1725884C2000CA0FE1 /* Sources */,
				7913BE1825884C2000CA0FE1 /* Frameworks */,
				7913BE1925884C2000CA0FE1 /* Resources */,
				7967629B2589B76700530C0B /* Embed Watch Content */,
			);
			buildRules = (
			);
			dependencies = (
				796762922589B76700530C0B /* PBXTargetDependency */,
			);
			name = Landmarks;
			productName = Landmarks;
			productReference = 7913BE1B25884C2000CA0FE1 /* Landmarks.app */;
			productType = "com.apple.product-type.application";
		};
		796762712589B76500530C0B /* WatchLandmarks */ = {
			isa = PBXNativeTarget;
			buildConfigurationList = 796762982589B76700530C0B /* Build configuration list for PBXNativeTarget "WatchLandmarks" */;
			buildPhases = (
				796762702589B76500530C0B /* Resources */,
				796762972589B76700530C0B /* Embed App Extensions */,
			);
			buildRules = (
			);
			dependencies = (
				7967627E2589B76600530C0B /* PBXTargetDependency */,
			);
			name = WatchLandmarks;
			productName = WatchLandmarks;
			productReference = 796762722589B76500530C0B /* WatchLandmarks.app */;
			productType = "com.apple.product-type.application.watchapp2";
		};
		7967627A2589B76600530C0B /* WatchLandmarks Extension */ = {
			isa = PBXNativeTarget;
			buildConfigurationList = 796762942589B76700530C0B /* Build configuration list for PBXNativeTarget "WatchLandmarks Extension" */;
			buildPhases = (
				796762772589B76600530C0B /* Sources */,
				796762782589B76600530C0B /* Frameworks */,
				796762792589B76600530C0B /* Resources */,
			);
			buildRules = (
			);
			dependencies = (
			);
			name = "WatchLandmarks Extension";
			productName = "WatchLandmarks Extension";
			productReference = 7967627B2589B76600530C0B /* WatchLandmarks Extension.appex */;
			productType = "com.apple.product-type.watchkit2-extension";
		};
/* End PBXNativeTarget section */

/* Begin PBXProject section */
		7913BE1325884C2000CA0FE1 /* Project object */ = {
			isa = PBXProject;
			attributes = {
				LastSwiftUpdateCheck = 1230;
				LastUpgradeCheck = 1220;
				TargetAttributes = {
					7913BE1A25884C2000CA0FE1 = {
						CreatedOnToolsVersion = 12.2;
					};
					796762712589B76500530C0B = {
						CreatedOnToolsVersion = 12.3;
					};
					7967627A2589B76600530C0B = {
						CreatedOnToolsVersion = 12.3;
					};
				};
			};
			buildConfigurationList = 7913BE1625884C2000CA0FE1 /* Build configuration list for PBXProject "Landmarks" */;
			compatibilityVersion = "Xcode 9.3";
			developmentRegion = en;
			hasScannedForEncodings = 0;
			knownRegions = (
				en,
				Base,
			);
			mainGroup = 7913BE1225884C2000CA0FE1;
			productRefGroup = 7913BE1C25884C2000CA0FE1 /* Products */;
			projectDirPath = "";
			projectRoot = "";
			targets = (
				7913BE1A25884C2000CA0FE1 /* Landmarks */,
				796762712589B76500530C0B /* WatchLandmarks */,
				7967627A2589B76600530C0B /* WatchLandmarks Extension */,
			);
		};
/* End PBXProject section */

/* Begin PBXResourcesBuildPhase section */
		7913BE1925884C2000CA0FE1 /* Resources */ = {
			isa = PBXResourcesBuildPhase;
			buildActionMask = 2147483647;
			files = (
				796762332588C1A500530C0B /* hikeData.json in Resources */,
				7913BE2625884C2000CA0FE1 /* Preview Assets.xcassets in Resources */,
				7913BE2325884C2000CA0FE1 /* Assets.xcassets in Resources */,
				7967620B25887F1900530C0B /* landmarkData.json in Resources */,
			);
			runOnlyForDeploymentPostprocessing = 0;
		};
		796762702589B76500530C0B /* Resources */ = {
			isa = PBXResourcesBuildPhase;
			buildActionMask = 2147483647;
			files = (
				796762752589B76600530C0B /* Assets.xcassets in Resources */,
			);
			runOnlyForDeploymentPostprocessing = 0;
		};
		796762792589B76600530C0B /* Resources */ = {
			isa = PBXResourcesBuildPhase;
			buildActionMask = 2147483647;
			files = (
				7967628E2589B76700530C0B /* Preview Assets.xcassets in Resources */,
				796762AA2589B96600530C0B /* landmarkData.json in Resources */,
				796762A92589B96600530C0B /* hikeData.json in Resources */,
				7967628B2589B76700530C0B /* Assets.xcassets in Resources */,
				796762B02589B96600530C0B /* Assets.xcassets in Resources */,
			);
			runOnlyForDeploymentPostprocessing = 0;
		};
/* End PBXResourcesBuildPhase section */

/* Begin PBXSourcesBuildPhase section */
		7913BE1725884C2000CA0FE1 /* Sources */ = {
			isa = PBXSourcesBuildPhase;
			buildActionMask = 2147483647;
			files = (
				796762482588C7B700530C0B /* CategoryRow.swift in Sources */,
				7967626825899D1700530C0B /* FeaturedCard.swift in Sources */,
				796762522588D49900530C0B /* Profile.swift in Sources */,
				7913BE2125884C2000CA0FE1 /* ContentView.swift in Sources */,
				796762442588C72D00530C0B /* CategoryHome.swift in Sources */,
				7967623E2588C1EB00530C0B /* HikeGraph.swift in Sources */,
				7967622F2588BBA400530C0B /* Badge.swift in Sources */,
				7913BE3225884F2600CA0FE1 /* MapView.swift in Sources */,
				7967623D2588C1EB00530C0B /* GraphCapsule.swift in Sources */,
				7967620E25887F4500530C0B /* ModelData.swift in Sources */,
				7967626E2589B56500530C0B /* PageControl.swift in Sources */,
				7967621D2588A5C200530C0B /* FavoriteButton.swift in Sources */,
				7967624B2588C8AA00530C0B /* CategoryItem.swift in Sources */,
				7967623F2588C1EB00530C0B /* HikeDetail.swift in Sources */,
				7967625A2588D4DF00530C0B /* ProfileSummary.swift in Sources */,
				796762232588ACF900530C0B /* HexagonParameters.swift in Sources */,
				796762562588D4BF00530C0B /* ProfileHost.swift in Sources */,
				796762362588C1BF00530C0B /* Hike.swift in Sources */,
				7967622C2588B6C100530C0B /* RotatedBadgeSymbol.swift in Sources */,
				7967626B25899DA800530C0B /* PageView.swift in Sources */,
				796762292588B67800530C0B /* BadgeSymbol.swift in Sources */,
				796762602588D82F00530C0B /* ProfileEditor.swift in Sources */,
				796762172588809B00530C0B /* LandmarkList.swift in Sources */,
				796762402588C1EB00530C0B /* HikeView.swift in Sources */,
				7967621A2588816100530C0B /* LandmarkDetail.swift in Sources */,
				7967626425899C3800530C0B /* PageViewController.swift in Sources */,
				796762262588B30D00530C0B /* BadgeBackground.swift in Sources */,
				7967625D2588D59D00530C0B /* HikeBadge.swift in Sources */,
				7913BE1F25884C2000CA0FE1 /* LandmarksApp.swift in Sources */,
				7913BE2F25884EE400CA0FE1 /* CircleImage.swift in Sources */,
				7967621425887F8800530C0B /* LandmarkRow.swift in Sources */,
				7967621125887F6400530C0B /* Landmark.swift in Sources */,
			);
			runOnlyForDeploymentPostprocessing = 0;
		};
		796762772589B76600530C0B /* Sources */ = {
			isa = PBXSourcesBuildPhase;
			buildActionMask = 2147483647;
			files = (
				796762852589B76600530C0B /* NotificationController.swift in Sources */,
				796762AD2589B96600530C0B /* Landmark.swift in Sources */,
				796762AE2589B96600530C0B /* LandmarkRow.swift in Sources */,
				796762A82589B96600530C0B /* CircleImage.swift in Sources */,
				796762AF2589B96600530C0B /* Hike.swift in Sources */,
				796762AB2589B96600530C0B /* ModelData.swift in Sources */,
				796762C52589BA9A00530C0B /* LandmarkDetail.swift in Sources */,
				796762AC2589B96600530C0B /* LandmarksApp.swift in Sources */,
				796762A62589B96600530C0B /* MapView.swift in Sources */,
				796762832589B76600530C0B /* ContentView.swift in Sources */,
				796762A72589B96600530C0B /* Profile.swift in Sources */,
				796762892589B76600530C0B /* ComplicationController.swift in Sources */,
				796762872589B76600530C0B /* NotificationView.swift in Sources */,
				796762A52589B96600530C0B /* LandmarkList.swift in Sources */,
			);
			runOnlyForDeploymentPostprocessing = 0;
		};
/* End PBXSourcesBuildPhase section */

/* Begin PBXTargetDependency section */
		7967627E2589B76600530C0B /* PBXTargetDependency */ = {
			isa = PBXTargetDependency;
			target = 7967627A2589B76600530C0B /* WatchLandmarks Extension */;
			targetProxy = 7967627D2589B76600530C0B /* PBXContainerItemProxy */;
		};
		796762922589B76700530C0B /* PBXTargetDependency */ = {
			isa = PBXTargetDependency;
			target = 796762712589B76500530C0B /* WatchLandmarks */;
			targetProxy = 796762912589B76700530C0B /* PBXContainerItemProxy */;
		};
/* End PBXTargetDependency section */

/* Begin XCBuildConfiguration section */
		7913BE2825884C2000CA0FE1 /* Debug */ = {
			isa = XCBuildConfiguration;
			buildSettings = {
				ALWAYS_SEARCH_USER_PATHS = NO;
				CLANG_ANALYZER_NONNULL = YES;
				CLANG_ANALYZER_NUMBER_OBJECT_CONVERSION = YES_AGGRESSIVE;
				CLANG_CXX_LANGUAGE_STANDARD = "gnu++14";
				CLANG_CXX_LIBRARY = "libc++";
				CLANG_ENABLE_MODULES = YES;
				CLANG_ENABLE_OBJC_ARC = YES;
				CLANG_ENABLE_OBJC_WEAK = YES;
				CLANG_WARN_BLOCK_CAPTURE_AUTORELEASING = YES;
				CLANG_WARN_BOOL_CONVERSION = YES;
				CLANG_WARN_COMMA = YES;
				CLANG_WARN_CONSTANT_CONVERSION = YES;
				CLANG_WARN_DEPRECATED_OBJC_IMPLEMENTATIONS = YES;
				CLANG_WARN_DIRECT_OBJC_ISA_USAGE = YES_ERROR;
				CLANG_WARN_DOCUMENTATION_COMMENTS = YES;
				CLANG_WARN_EMPTY_BODY = YES;
				CLANG_WARN_ENUM_CONVERSION = YES;
				CLANG_WARN_INFINITE_RECURSION = YES;
				CLANG_WARN_INT_CONVERSION = YES;
				CLANG_WARN_NON_LITERAL_NULL_CONVERSION = YES;
				CLANG_WARN_OBJC_IMPLICIT_RETAIN_SELF = YES;
				CLANG_WARN_OBJC_LITERAL_CONVERSION = YES;
				CLANG_WARN_OBJC_ROOT_CLASS = YES_ERROR;
				CLANG_WARN_QUOTED_INCLUDE_IN_FRAMEWORK_HEADER = YES;
				CLANG_WARN_RANGE_LOOP_ANALYSIS = YES;
				CLANG_WARN_STRICT_PROTOTYPES = YES;
				CLANG_WARN_SUSPICIOUS_MOVE = YES;
				CLANG_WARN_UNGUARDED_AVAILABILITY = YES_AGGRESSIVE;
				CLANG_WARN_UNREACHABLE_CODE = YES;
				CLANG_WARN__DUPLICATE_METHOD_MATCH = YES;
				COPY_PHASE_STRIP = NO;
				DEBUG_INFORMATION_FORMAT = dwarf;
				ENABLE_STRICT_OBJC_MSGSEND = YES;
				ENABLE_TESTABILITY = YES;
				GCC_C_LANGUAGE_STANDARD = gnu11;
				GCC_DYNAMIC_NO_PIC = NO;
				GCC_NO_COMMON_BLOCKS = YES;
				GCC_OPTIMIZATION_LEVEL = 0;
				GCC_PREPROCESSOR_DEFINITIONS = (
					"DEBUG=1",
					"$(inherited)",
				);
				GCC_WARN_64_TO_32_BIT_CONVERSION = YES;
				GCC_WARN_ABOUT_RETURN_TYPE = YES_ERROR;
				GCC_WARN_UNDECLARED_SELECTOR = YES;
				GCC_WARN_UNINITIALIZED_AUTOS = YES_AGGRESSIVE;
				GCC_WARN_UNUSED_FUNCTION = YES;
				GCC_WARN_UNUSED_VARIABLE = YES;
				IPHONEOS_DEPLOYMENT_TARGET = 14.2;
				MTL_ENABLE_DEBUG_INFO = INCLUDE_SOURCE;
				MTL_FAST_MATH = YES;
				ONLY_ACTIVE_ARCH = YES;
				SDKROOT = iphoneos;
				SWIFT_ACTIVE_COMPILATION_CONDITIONS = DEBUG;
				SWIFT_OPTIMIZATION_LEVEL = "-Onone";
			};
			name = Debug;
		};
		7913BE2925884C2000CA0FE1 /* Release */ = {
			isa = XCBuildConfiguration;
			buildSettings = {
				ALWAYS_SEARCH_USER_PATHS = NO;
				CLANG_ANALYZER_NONNULL = YES;
				CLANG_ANALYZER_NUMBER_OBJECT_CONVERSION = YES_AGGRESSIVE;
				CLANG_CXX_LANGUAGE_STANDARD = "gnu++14";
				CLANG_CXX_LIBRARY = "libc++";
				CLANG_ENABLE_MODULES = YES;
				CLANG_ENABLE_OBJC_ARC = YES;
				CLANG_ENABLE_OBJC_WEAK = YES;
				CLANG_WARN_BLOCK_CAPTURE_AUTORELEASING = YES;
				CLANG_WARN_BOOL_CONVERSION = YES;
				CLANG_WARN_COMMA = YES;
				CLANG_WARN_CONSTANT_CONVERSION = YES;
				CLANG_WARN_DEPRECATED_OBJC_IMPLEMENTATIONS = YES;
				CLANG_WARN_DIRECT_OBJC_ISA_USAGE = YES_ERROR;
				CLANG_WARN_DOCUMENTATION_COMMENTS = YES;
				CLANG_WARN_EMPTY_BODY = YES;
				CLANG_WARN_ENUM_CONVERSION = YES;
				CLANG_WARN_INFINITE_RECURSION = YES;
				CLANG_WARN_INT_CONVERSION = YES;
				CLANG_WARN_NON_LITERAL_NULL_CONVERSION = YES;
				CLANG_WARN_OBJC_IMPLICIT_RETAIN_SELF = YES;
				CLANG_WARN_OBJC_LITERAL_CONVERSION = YES;
				CLANG_WARN_OBJC_ROOT_CLASS = YES_ERROR;
				CLANG_WARN_QUOTED_INCLUDE_IN_FRAMEWORK_HEADER = YES;
				CLANG_WARN_RANGE_LOOP_ANALYSIS = YES;
				CLANG_WARN_STRICT_PROTOTYPES = YES;
				CLANG_WARN_SUSPICIOUS_MOVE = YES;
				CLANG_WARN_UNGUARDED_AVAILABILITY = YES_AGGRESSIVE;
				CLANG_WARN_UNREACHABLE_CODE = YES;
				CLANG_WARN__DUPLICATE_METHOD_MATCH = YES;
				COPY_PHASE_STRIP = NO;
				DEBUG_INFORMATION_FORMAT = "dwarf-with-dsym";
				ENABLE_NS_ASSERTIONS = NO;
				ENABLE_STRICT_OBJC_MSGSEND = YES;
				GCC_C_LANGUAGE_STANDARD = gnu11;
				GCC_NO_COMMON_BLOCKS = YES;
				GCC_WARN_64_TO_32_BIT_CONVERSION = YES;
				GCC_WARN_ABOUT_RETURN_TYPE = YES_ERROR;
				GCC_WARN_UNDECLARED_SELECTOR = YES;
				GCC_WARN_UNINITIALIZED_AUTOS = YES_AGGRESSIVE;
				GCC_WARN_UNUSED_FUNCTION = YES;
				GCC_WARN_UNUSED_VARIABLE = YES;
				IPHONEOS_DEPLOYMENT_TARGET = 14.2;
				MTL_ENABLE_DEBUG_INFO = NO;
				MTL_FAST_MATH = YES;
				SDKROOT = iphoneos;
				SWIFT_COMPILATION_MODE = wholemodule;
				SWIFT_OPTIMIZATION_LEVEL = "-O";
				VALIDATE_PRODUCT = YES;
			};
			name = Release;
		};
		7913BE2B25884C2000CA0FE1 /* Debug */ = {
			isa = XCBuildConfiguration;
			buildSettings = {
				ASSETCATALOG_COMPILER_APPICON_NAME = AppIcon;
				ASSETCATALOG_COMPILER_GLOBAL_ACCENT_COLOR_NAME = AccentColor;
				CODE_SIGN_STYLE = Automatic;
				DEVELOPMENT_ASSET_PATHS = "\"Landmarks/Preview Content\"";
				DEVELOPMENT_TEAM = AJ3QP83J5Q;
				ENABLE_PREVIEWS = YES;
				INFOPLIST_FILE = Landmarks/Info.plist;
				IPHONEOS_DEPLOYMENT_TARGET = 14.0;
				LD_RUNPATH_SEARCH_PATHS = (
					"$(inherited)",
					"@executable_path/Frameworks",
				);
				PRODUCT_BUNDLE_IDENTIFIER = "com.example.apple-samplecode.Landmarks";
				PRODUCT_NAME = "$(TARGET_NAME)";
				SWIFT_VERSION = 5.0;
				TARGETED_DEVICE_FAMILY = "1,2";
			};
			name = Debug;
		};
		7913BE2C25884C2000CA0FE1 /* Release */ = {
			isa = XCBuildConfiguration;
			buildSettings = {
				ASSETCATALOG_COMPILER_APPICON_NAME = AppIcon;
				ASSETCATALOG_COMPILER_GLOBAL_ACCENT_COLOR_NAME = AccentColor;
				CODE_SIGN_STYLE = Automatic;
				DEVELOPMENT_ASSET_PATHS = "\"Landmarks/Preview Content\"";
				DEVELOPMENT_TEAM = AJ3QP83J5Q;
				ENABLE_PREVIEWS = YES;
				INFOPLIST_FILE = Landmarks/Info.plist;
				IPHONEOS_DEPLOYMENT_TARGET = 14.0;
				LD_RUNPATH_SEARCH_PATHS = (
					"$(inherited)",
					"@executable_path/Frameworks",
				);
				PRODUCT_BUNDLE_IDENTIFIER = "com.example.apple-samplecode.Landmarks";
				PRODUCT_NAME = "$(TARGET_NAME)";
				SWIFT_VERSION = 5.0;
				TARGETED_DEVICE_FAMILY = "1,2";
			};
			name = Release;
		};
		796762952589B76700530C0B /* Debug */ = {
			isa = XCBuildConfiguration;
			buildSettings = {
				ASSETCATALOG_COMPILER_COMPLICATION_NAME = Complication;
				CODE_SIGN_STYLE = Automatic;
				DEVELOPMENT_ASSET_PATHS = "\"WatchLandmarks Extension/Preview Content\"";
				DEVELOPMENT_TEAM = AJ3QP83J5Q;
				ENABLE_PREVIEWS = YES;
				INFOPLIST_FILE = "WatchLandmarks Extension/Info.plist";
				LD_RUNPATH_SEARCH_PATHS = (
					"$(inherited)",
					"@executable_path/Frameworks",
					"@executable_path/../../Frameworks",
				);
				PRODUCT_BUNDLE_IDENTIFIER = "com.example.apple-samplecode.Landmarks.watchkitapp.watchkitextension";
				PRODUCT_NAME = "${TARGET_NAME}";
				SDKROOT = watchos;
				SKIP_INSTALL = YES;
				SWIFT_VERSION = 5.0;
				TARGETED_DEVICE_FAMILY = 4;
				WATCHOS_DEPLOYMENT_TARGET = 7.1;
			};
			name = Debug;
		};
		796762962589B76700530C0B /* Release */ = {
			isa = XCBuildConfiguration;
			buildSettings = {
				ASSETCATALOG_COMPILER_COMPLICATION_NAME = Complication;
				CODE_SIGN_STYLE = Automatic;
				DEVELOPMENT_ASSET_PATHS = "\"WatchLandmarks Extension/Preview Content\"";
				DEVELOPMENT_TEAM = AJ3QP83J5Q;
				ENABLE_PREVIEWS = YES;
				INFOPLIST_FILE = "WatchLandmarks Extension/Info.plist";
				LD_RUNPATH_SEARCH_PATHS = (
					"$(inherited)",
					"@executable_path/Frameworks",
					"@executable_path/../../Frameworks",
				);
				PRODUCT_BUNDLE_IDENTIFIER = "com.example.apple-samplecode.Landmarks.watchkitapp.watchkitextension";
				PRODUCT_NAME = "${TARGET_NAME}";
				SDKROOT = watchos;
				SKIP_INSTALL = YES;
				SWIFT_VERSION = 5.0;
				TARGETED_DEVICE_FAMILY = 4;
				WATCHOS_DEPLOYMENT_TARGET = 7.1;
			};
			name = Release;
		};
		796762992589B76700530C0B /* Debug */ = {
			isa = XCBuildConfiguration;
			buildSettings = {
				ALWAYS_EMBED_SWIFT_STANDARD_LIBRARIES = YES;
				ASSETCATALOG_COMPILER_APPICON_NAME = AppIcon;
				ASSETCATALOG_COMPILER_GLOBAL_ACCENT_COLOR_NAME = AccentColor;
				CODE_SIGN_STYLE = Automatic;
				DEVELOPMENT_TEAM = AJ3QP83J5Q;
				IBSC_MODULE = WatchLandmarks_Extension;
				INFOPLIST_FILE = WatchLandmarks/Info.plist;
				PRODUCT_BUNDLE_IDENTIFIER = "com.example.apple-samplecode.Landmarks.watchkitapp";
				PRODUCT_NAME = "$(TARGET_NAME)";
				SDKROOT = watchos;
				SKIP_INSTALL = YES;
				SWIFT_VERSION = 5.0;
				TARGETED_DEVICE_FAMILY = 4;
				WATCHOS_DEPLOYMENT_TARGET = 7.1;
			};
			name = Debug;
		};
		7967629A2589B76700530C0B /* Release */ = {
			isa = XCBuildConfiguration;
			buildSettings = {
				ALWAYS_EMBED_SWIFT_STANDARD_LIBRARIES = YES;
				ASSETCATALOG_COMPILER_APPICON_NAME = AppIcon;
				ASSETCATALOG_COMPILER_GLOBAL_ACCENT_COLOR_NAME = AccentColor;
				CODE_SIGN_STYLE = Automatic;
				DEVELOPMENT_TEAM = AJ3QP83J5Q;
				IBSC_MODULE = WatchLandmarks_Extension;
				INFOPLIST_FILE = WatchLandmarks/Info.plist;
				PRODUCT_BUNDLE_IDENTIFIER = "com.example.apple-samplecode.Landmarks.watchkitapp";
				PRODUCT_NAME = "$(TARGET_NAME)";
				SDKROOT = watchos;
				SKIP_INSTALL = YES;
				SWIFT_VERSION = 5.0;
				TARGETED_DEVICE_FAMILY = 4;
				WATCHOS_DEPLOYMENT_TARGET = 7.1;
			};
			name = Release;
		};
/* End XCBuildConfiguration section */

/* Begin XCConfigurationList section */
		7913BE1625884C2000CA0FE1 /* Build configuration list for PBXProject "Landmarks" */ = {
			isa = XCConfigurationList;
			buildConfigurations = (
				7913BE2825884C2000CA0FE1 /* Debug */,
				7913BE2925884C2000CA0FE1 /* Release */,
			);
			defaultConfigurationIsVisible = 0;
			defaultConfigurationName = Release;
		};
		7913BE2A25884C2000CA0FE1 /* Build configuration list for PBXNativeTarget "Landmarks" */ = {
			isa = XCConfigurationList;
			buildConfigurations = (
				7913BE2B25884C2000CA0FE1 /* Debug */,
				7913BE2C25884C2000CA0FE1 /* Release */,
			);
			defaultConfigurationIsVisible = 0;
			defaultConfigurationName = Release;
		};
		796762942589B76700530C0B /* Build configuration list for PBXNativeTarget "WatchLandmarks Extension" */ = {
			isa = XCConfigurationList;
			buildConfigurations = (
				796762952589B76700530C0B /* Debug */,
				796762962589B76700530C0B /* Release */,
			);
			defaultConfigurationIsVisible = 0;
			defaultConfigurationName = Release;
		};
		796762982589B76700530C0B /* Build configuration list for PBXNativeTarget "WatchLandmarks" */ = {
			isa = XCConfigurationList;
			buildConfigurations = (
				796762992589B76700530C0B /* Debug */,
				7967629A2589B76700530C0B /* Release */,
			);
			defaultConfigurationIsVisible = 0;
			defaultConfigurationName = Release;
		};
/* End XCConfigurationList section */
	};
	rootObject = 7913BE1325884C2000CA0FE1 /* Project object */;
}
